// !$*UTF8*$!
{
	archiveVersion = 1;
	classes = {
	};
	objectVersion = 77;
	objects = {

/* Begin PBXBuildFile section */
		0FE281CB2D26C38900822211 /* RxBlocking in Frameworks */ = {isa = PBXBuildFile; productRef = 0FE281CA2D26C38900822211 /* RxBlocking */; };
		0FE281CD2D26C38900822211 /* RxBlocking-Dynamic in Frameworks */ = {isa = PBXBuildFile; productRef = 0FE281CC2D26C38900822211 /* RxBlocking-Dynamic */; };
		0FE281CF2D26C38900822211 /* RxCocoa in Frameworks */ = {isa = PBXBuildFile; productRef = 0FE281CE2D26C38900822211 /* RxCocoa */; };
		0FE281D12D26C38900822211 /* RxCocoa-Dynamic in Frameworks */ = {isa = PBXBuildFile; productRef = 0FE281D02D26C38900822211 /* RxCocoa-Dynamic */; };
		0FE281D32D26C38900822211 /* RxRelay in Frameworks */ = {isa = PBXBuildFile; productRef = 0FE281D22D26C38900822211 /* RxRelay */; };
		0FE281D52D26C38900822211 /* RxRelay-Dynamic in Frameworks */ = {isa = PBXBuildFile; productRef = 0FE281D42D26C38900822211 /* RxRelay-Dynamic */; };
		0FE281D72D26C38900822211 /* RxSwift in Frameworks */ = {isa = PBXBuildFile; productRef = 0FE281D62D26C38900822211 /* RxSwift */; };
		0FE281D92D26C38900822211 /* RxSwift-Dynamic in Frameworks */ = {isa = PBXBuildFile; productRef = 0FE281D82D26C38900822211 /* RxSwift-Dynamic */; };
		0FE281DB2D26C38900822211 /* RxTest in Frameworks */ = {isa = PBXBuildFile; productRef = 0FE281DA2D26C38900822211 /* RxTest */; };
		0FE281DD2D26C38900822211 /* RxTest-Dynamic in Frameworks */ = {isa = PBXBuildFile; productRef = 0FE281DC2D26C38900822211 /* RxTest-Dynamic */; };
/* End PBXBuildFile section */

/* Begin PBXFileReference section */
		0F6392052D1C4733001EC0C0 /* ReteAmica.app */ = {isa = PBXFileReference; explicitFileType = wrapper.application; includeInIndex = 0; path = ReteAmica.app; sourceTree = BUILT_PRODUCTS_DIR; };
/* End PBXFileReference section */

/* Begin PBXFileSystemSynchronizedBuildFileExceptionSet section */
		0F63923F2D1C4C94001EC0C0 /* Exceptions for "ReteAmica" folder in "ReteAmica" target */ = {
			isa = PBXFileSystemSynchronizedBuildFileExceptionSet;
			membershipExceptions = (
				Info.plist,
			);
			target = 0F6392042D1C4733001EC0C0 /* ReteAmica */;
		};
/* End PBXFileSystemSynchronizedBuildFileExceptionSet section */

/* Begin PBXFileSystemSynchronizedRootGroup section */
		0F6392382D1C4C94001EC0C0 /* ReteAmica */ = {
			isa = PBXFileSystemSynchronizedRootGroup;
			exceptions = (
				0F63923F2D1C4C94001EC0C0 /* Exceptions for "ReteAmica" folder in "ReteAmica" target */,
			);
			path = ReteAmica;
			sourceTree = "<group>";
		};
/* End PBXFileSystemSynchronizedRootGroup section */

/* Begin PBXFrameworksBuildPhase section */
		0F6392022D1C4733001EC0C0 /* Frameworks */ = {
			isa = PBXFrameworksBuildPhase;
			buildActionMask = 2147483647;
			files = (
				0FE281D92D26C38900822211 /* RxSwift-Dynamic in Frameworks */,
				0FE281DB2D26C38900822211 /* RxTest in Frameworks */,
				0FE281D32D26C38900822211 /* RxRelay in Frameworks */,
				0FE281D12D26C38900822211 /* RxCocoa-Dynamic in Frameworks */,
				0FE281D52D26C38900822211 /* RxRelay-Dynamic in Frameworks */,
				0FE281CF2D26C38900822211 /* RxCocoa in Frameworks */,
				0FE281CB2D26C38900822211 /* RxBlocking in Frameworks */,
				0FE281CD2D26C38900822211 /* RxBlocking-Dynamic in Frameworks */,
				0FE281DD2D26C38900822211 /* RxTest-Dynamic in Frameworks */,
				0FE281D72D26C38900822211 /* RxSwift in Frameworks */,
			);
			runOnlyForDeploymentPostprocessing = 0;
		};
/* End PBXFrameworksBuildPhase section */

/* Begin PBXGroup section */
		0F6391FC2D1C4733001EC0C0 = {
			isa = PBXGroup;
			children = (
				0F6392382D1C4C94001EC0C0 /* ReteAmica */,
				0F6392062D1C4733001EC0C0 /* Products */,
			);
			sourceTree = "<group>";
		};
		0F6392062D1C4733001EC0C0 /* Products */ = {
			isa = PBXGroup;
			children = (
				0F6392052D1C4733001EC0C0 /* ReteAmica.app */,
			);
			name = Products;
			sourceTree = "<group>";
		};
/* End PBXGroup section */

/* Begin PBXNativeTarget section */
		0F6392042D1C4733001EC0C0 /* ReteAmica */ = {
			isa = PBXNativeTarget;
			buildConfigurationList = 0F6392182D1C4736001EC0C0 /* Build configuration list for PBXNativeTarget "ReteAmica" */;
			buildPhases = (
				0F6392012D1C4733001EC0C0 /* Sources */,
				0F6392022D1C4733001EC0C0 /* Frameworks */,
				0F6392032D1C4733001EC0C0 /* Resources */,
			);
			buildRules = (
			);
			dependencies = (
			);
			fileSystemSynchronizedGroups = (
				0F6392382D1C4C94001EC0C0 /* ReteAmica */,
			);
			name = ReteAmica;
			packageProductDependencies = (
				0FE281CA2D26C38900822211 /* RxBlocking */,
				0FE281CC2D26C38900822211 /* RxBlocking-Dynamic */,
				0FE281CE2D26C38900822211 /* RxCocoa */,
				0FE281D02D26C38900822211 /* RxCocoa-Dynamic */,
				0FE281D22D26C38900822211 /* RxRelay */,
				0FE281D42D26C38900822211 /* RxRelay-Dynamic */,
				0FE281D62D26C38900822211 /* RxSwift */,
				0FE281D82D26C38900822211 /* RxSwift-Dynamic */,
				0FE281DA2D26C38900822211 /* RxTest */,
				0FE281DC2D26C38900822211 /* RxTest-Dynamic */,
			);
			productName = ReteAmica;
			productReference = 0F6392052D1C4733001EC0C0 /* ReteAmica.app */;
			productType = "com.apple.product-type.application";
		};
/* End PBXNativeTarget section */

/* Begin PBXProject section */
		0F6391FD2D1C4733001EC0C0 /* Project object */ = {
			isa = PBXProject;
			attributes = {
				BuildIndependentTargetsInParallel = 1;
				LastSwiftUpdateCheck = 1620;
				LastUpgradeCheck = 1620;
				TargetAttributes = {
					0F6392042D1C4733001EC0C0 = {
						CreatedOnToolsVersion = 16.2;
					};
				};
			};
			buildConfigurationList = 0F6392002D1C4733001EC0C0 /* Build configuration list for PBXProject "ReteAmica" */;
			developmentRegion = en;
			hasScannedForEncodings = 0;
			knownRegions = (
				en,
				Base,
			);
			mainGroup = 0F6391FC2D1C4733001EC0C0;
			minimizedProjectReferenceProxies = 1;
			packageReferences = (
				0FE281C92D26C38900822211 /* XCRemoteSwiftPackageReference "RxSwift" */,
			);
			preferredProjectObjectVersion = 77;
			productRefGroup = 0F6392062D1C4733001EC0C0 /* Products */;
			projectDirPath = "";
			projectRoot = "";
			targets = (
				0F6392042D1C4733001EC0C0 /* ReteAmica */,
			);
		};
/* End PBXProject section */

/* Begin PBXResourcesBuildPhase section */
		0F6392032D1C4733001EC0C0 /* Resources */ = {
			isa = PBXResourcesBuildPhase;
			buildActionMask = 2147483647;
			files = (
			);
			runOnlyForDeploymentPostprocessing = 0;
		};
/* End PBXResourcesBuildPhase section */

/* Begin PBXSourcesBuildPhase section */
		0F6392012D1C4733001EC0C0 /* Sources */ = {
			isa = PBXSourcesBuildPhase;
			buildActionMask = 2147483647;
			files = (
			);
			runOnlyForDeploymentPostprocessing = 0;
		};
/* End PBXSourcesBuildPhase section */

/* Begin XCBuildConfiguration section */
		0F6392192D1C4736001EC0C0 /* Debug */ = {
			isa = XCBuildConfiguration;
			buildSettings = {
				ASSETCATALOG_COMPILER_APPICON_NAME = AppIcon;
				ASSETCATALOG_COMPILER_GLOBAL_ACCENT_COLOR_NAME = AccentColor;
				CODE_SIGN_STYLE = Automatic;
				CURRENT_PROJECT_VERSION = 1;
				GENERATE_INFOPLIST_FILE = YES;
				INFOPLIST_FILE = ReteAmica/Info.plist;
				INFOPLIST_KEY_UIApplicationSupportsIndirectInputEvents = YES;
				INFOPLIST_KEY_UILaunchStoryboardName = LaunchScreen;
				INFOPLIST_KEY_UIMainStoryboardFile = Main;
				INFOPLIST_KEY_UISupportedInterfaceOrientations_iPad = "UIInterfaceOrientationPortrait UIInterfaceOrientationPortraitUpsideDown UIInterfaceOrientationLandscapeLeft UIInterfaceOrientationLandscapeRight";
				INFOPLIST_KEY_UISupportedInterfaceOrientations_iPhone = "UIInterfaceOrientationPortrait UIInterfaceOrientationLandscapeLeft UIInterfaceOrientationLandscapeRight";
				LD_RUNPATH_SEARCH_PATHS = (
					"$(inherited)",
					"@executable_path/Frameworks",
				);
				MARKETING_VERSION = 1.0;
				PRODUCT_BUNDLE_IDENTIFIER = com.aydinkaya.ReteAmica;
				PRODUCT_NAME = "$(TARGET_NAME)";
				SWIFT_EMIT_LOC_STRINGS = YES;
				SWIFT_VERSION = 5.0;
				TARGETED_DEVICE_FAMILY = "1,2";
			};
			name = Debug;
		};
		0F63921A2D1C4736001EC0C0 /* Release */ = {
			isa = XCBuildConfiguration;
			buildSettings = {
				ASSETCATALOG_COMPILER_APPICON_NAME = AppIcon;
				ASSETCATALOG_COMPILER_GLOBAL_ACCENT_COLOR_NAME = AccentColor;
				CODE_SIGN_STYLE = Automatic;
				CURRENT_PROJECT_VERSION = 1;
				GENERATE_INFOPLIST_FILE = YES;
				INFOPLIST_FILE = ReteAmica/Info.plist;
				INFOPLIST_KEY_UIApplicationSupportsIndirectInputEvents = YES;
				INFOPLIST_KEY_UILaunchStoryboardName = LaunchScreen;
				INFOPLIST_KEY_UIMainStoryboardFile = Main;
				INFOPLIST_KEY_UISupportedInterfaceOrientations_iPad = "UIInterfaceOrientationPortrait UIInterfaceOrientationPortraitUpsideDown UIInterfaceOrientationLandscapeLeft UIInterfaceOrientationLandscapeRight";
				INFOPLIST_KEY_UISupportedInterfaceOrientations_iPhone = "UIInterfaceOrientationPortrait UIInterfaceOrientationLandscapeLeft UIInterfaceOrientationLandscapeRight";
				LD_RUNPATH_SEARCH_PATHS = (
					"$(inherited)",
					"@executable_path/Frameworks",
				);
				MARKETING_VERSION = 1.0;
				PRODUCT_BUNDLE_IDENTIFIER = com.aydinkaya.ReteAmica;
				PRODUCT_NAME = "$(TARGET_NAME)";
				SWIFT_EMIT_LOC_STRINGS = YES;
				SWIFT_VERSION = 5.0;
				TARGETED_DEVICE_FAMILY = "1,2";
			};
			name = Release;
		};
		0F63921B2D1C4736001EC0C0 /* Debug */ = {
			isa = XCBuildConfiguration;
			buildSettings = {
				ALWAYS_SEARCH_USER_PATHS = NO;
				ASSETCATALOG_COMPILER_GENERATE_SWIFT_ASSET_SYMBOL_EXTENSIONS = YES;
				CLANG_ANALYZER_NONNULL = YES;
				CLANG_ANALYZER_NUMBER_OBJECT_CONVERSION = YES_AGGRESSIVE;
				CLANG_CXX_LANGUAGE_STANDARD = "gnu++20";
				CLANG_ENABLE_MODULES = YES;
				CLANG_ENABLE_OBJC_ARC = YES;
				CLANG_ENABLE_OBJC_WEAK = YES;
				CLANG_WARN_BLOCK_CAPTURE_AUTORELEASING = YES;
				CLANG_WARN_BOOL_CONVERSION = YES;
				CLANG_WARN_COMMA = YES;
				CLANG_WARN_CONSTANT_CONVERSION = YES;
				CLANG_WARN_DEPRECATED_OBJC_IMPLEMENTATIONS = YES;
				CLANG_WARN_DIRECT_OBJC_ISA_USAGE = YES_ERROR;
				CLANG_WARN_DOCUMENTATION_COMMENTS = YES;
				CLANG_WARN_EMPTY_BODY = YES;
				CLANG_WARN_ENUM_CONVERSION = YES;
				CLANG_WARN_INFINITE_RECURSION = YES;
				CLANG_WARN_INT_CONVERSION = YES;
				CLANG_WARN_NON_LITERAL_NULL_CONVERSION = YES;
				CLANG_WARN_OBJC_IMPLICIT_RETAIN_SELF = YES;
				CLANG_WARN_OBJC_LITERAL_CONVERSION = YES;
				CLANG_WARN_OBJC_ROOT_CLASS = YES_ERROR;
				CLANG_WARN_QUOTED_INCLUDE_IN_FRAMEWORK_HEADER = YES;
				CLANG_WARN_RANGE_LOOP_ANALYSIS = YES;
				CLANG_WARN_STRICT_PROTOTYPES = YES;
				CLANG_WARN_SUSPICIOUS_MOVE = YES;
				CLANG_WARN_UNGUARDED_AVAILABILITY = YES_AGGRESSIVE;
				CLANG_WARN_UNREACHABLE_CODE = YES;
				CLANG_WARN__DUPLICATE_METHOD_MATCH = YES;
				COPY_PHASE_STRIP = NO;
				DEBUG_INFORMATION_FORMAT = dwarf;
				ENABLE_STRICT_OBJC_MSGSEND = YES;
				ENABLE_TESTABILITY = YES;
				ENABLE_USER_SCRIPT_SANDBOXING = YES;
				GCC_C_LANGUAGE_STANDARD = gnu17;
				GCC_DYNAMIC_NO_PIC = NO;
				GCC_NO_COMMON_BLOCKS = YES;
				GCC_OPTIMIZATION_LEVEL = 0;
				GCC_PREPROCESSOR_DEFINITIONS = (
					"DEBUG=1",
					"$(inherited)",
				);
				GCC_WARN_64_TO_32_BIT_CONVERSION = YES;
				GCC_WARN_ABOUT_RETURN_TYPE = YES_ERROR;
				GCC_WARN_UNDECLARED_SELECTOR = YES;
				GCC_WARN_UNINITIALIZED_AUTOS = YES_AGGRESSIVE;
				GCC_WARN_UNUSED_FUNCTION = YES;
				GCC_WARN_UNUSED_VARIABLE = YES;
				IPHONEOS_DEPLOYMENT_TARGET = 18.2;
				LOCALIZATION_PREFERS_STRING_CATALOGS = YES;
				MTL_ENABLE_DEBUG_INFO = INCLUDE_SOURCE;
				MTL_FAST_MATH = YES;
				ONLY_ACTIVE_ARCH = YES;
				SDKROOT = iphoneos;
				SWIFT_ACTIVE_COMPILATION_CONDITIONS = "DEBUG $(inherited)";
				SWIFT_OPTIMIZATION_LEVEL = "-Onone";
			};
			name = Debug;
		};
		0F63921C2D1C4736001EC0C0 /* Release */ = {
			isa = XCBuildConfiguration;
			buildSettings = {
				ALWAYS_SEARCH_USER_PATHS = NO;
				ASSETCATALOG_COMPILER_GENERATE_SWIFT_ASSET_SYMBOL_EXTENSIONS = YES;
				CLANG_ANALYZER_NONNULL = YES;
				CLANG_ANALYZER_NUMBER_OBJECT_CONVERSION = YES_AGGRESSIVE;
				CLANG_CXX_LANGUAGE_STANDARD = "gnu++20";
				CLANG_ENABLE_MODULES = YES;
				CLANG_ENABLE_OBJC_ARC = YES;
				CLANG_ENABLE_OBJC_WEAK = YES;
				CLANG_WARN_BLOCK_CAPTURE_AUTORELEASING = YES;
				CLANG_WARN_BOOL_CONVERSION = YES;
				CLANG_WARN_COMMA = YES;
				CLANG_WARN_CONSTANT_CONVERSION = YES;
				CLANG_WARN_DEPRECATED_OBJC_IMPLEMENTATIONS = YES;
				CLANG_WARN_DIRECT_OBJC_ISA_USAGE = YES_ERROR;
				CLANG_WARN_DOCUMENTATION_COMMENTS = YES;
				CLANG_WARN_EMPTY_BODY = YES;
				CLANG_WARN_ENUM_CONVERSION = YES;
				CLANG_WARN_INFINITE_RECURSION = YES;
				CLANG_WARN_INT_CONVERSION = YES;
				CLANG_WARN_NON_LITERAL_NULL_CONVERSION = YES;
				CLANG_WARN_OBJC_IMPLICIT_RETAIN_SELF = YES;
				CLANG_WARN_OBJC_LITERAL_CONVERSION = YES;
				CLANG_WARN_OBJC_ROOT_CLASS = YES_ERROR;
				CLANG_WARN_QUOTED_INCLUDE_IN_FRAMEWORK_HEADER = YES;
				CLANG_WARN_RANGE_LOOP_ANALYSIS = YES;
				CLANG_WARN_STRICT_PROTOTYPES = YES;
				CLANG_WARN_SUSPICIOUS_MOVE = YES;
				CLANG_WARN_UNGUARDED_AVAILABILITY = YES_AGGRESSIVE;
				CLANG_WARN_UNREACHABLE_CODE = YES;
				CLANG_WARN__DUPLICATE_METHOD_MATCH = YES;
				COPY_PHASE_STRIP = NO;
				DEBUG_INFORMATION_FORMAT = "dwarf-with-dsym";
				ENABLE_NS_ASSERTIONS = NO;
				ENABLE_STRICT_OBJC_MSGSEND = YES;
				ENABLE_USER_SCRIPT_SANDBOXING = YES;
				GCC_C_LANGUAGE_STANDARD = gnu17;
				GCC_NO_COMMON_BLOCKS = YES;
				GCC_WARN_64_TO_32_BIT_CONVERSION = YES;
				GCC_WARN_ABOUT_RETURN_TYPE = YES_ERROR;
				GCC_WARN_UNDECLARED_SELECTOR = YES;
				GCC_WARN_UNINITIALIZED_AUTOS = YES_AGGRESSIVE;
				GCC_WARN_UNUSED_FUNCTION = YES;
				GCC_WARN_UNUSED_VARIABLE = YES;
				IPHONEOS_DEPLOYMENT_TARGET = 18.2;
				LOCALIZATION_PREFERS_STRING_CATALOGS = YES;
				MTL_ENABLE_DEBUG_INFO = NO;
				MTL_FAST_MATH = YES;
				SDKROOT = iphoneos;
				SWIFT_COMPILATION_MODE = wholemodule;
				VALIDATE_PRODUCT = YES;
			};
			name = Release;
		};
/* End XCBuildConfiguration section */

/* Begin XCConfigurationList section */
		0F6392002D1C4733001EC0C0 /* Build configuration list for PBXProject "ReteAmica" */ = {
			isa = XCConfigurationList;
			buildConfigurations = (
				0F63921B2D1C4736001EC0C0 /* Debug */,
				0F63921C2D1C4736001EC0C0 /* Release */,
			);
			defaultConfigurationIsVisible = 0;
			defaultConfigurationName = Release;
		};
		0F6392182D1C4736001EC0C0 /* Build configuration list for PBXNativeTarget "ReteAmica" */ = {
			isa = XCConfigurationList;
			buildConfigurations = (
				0F6392192D1C4736001EC0C0 /* Debug */,
				0F63921A2D1C4736001EC0C0 /* Release */,
			);
			defaultConfigurationIsVisible = 0;
			defaultConfigurationName = Release;
		};
/* End XCConfigurationList section */

/* Begin XCRemoteSwiftPackageReference section */
		0FE281C92D26C38900822211 /* XCRemoteSwiftPackageReference "RxSwift" */ = {
			isa = XCRemoteSwiftPackageReference;
			repositoryURL = "https://github.com/ReactiveX/RxSwift.git";
			requirement = {
				kind = upToNextMajorVersion;
				minimumVersion = 6.8.0;
			};
		};
/* End XCRemoteSwiftPackageReference section */

/* Begin XCSwiftPackageProductDependency section */
		0FE281CA2D26C38900822211 /* RxBlocking */ = {
			isa = XCSwiftPackageProductDependency;
			package = 0FE281C92D26C38900822211 /* XCRemoteSwiftPackageReference "RxSwift" */;
			productName = RxBlocking;
		};
		0FE281CC2D26C38900822211 /* RxBlocking-Dynamic */ = {
			isa = XCSwiftPackageProductDependency;
			package = 0FE281C92D26C38900822211 /* XCRemoteSwiftPackageReference "RxSwift" */;
			productName = "RxBlocking-Dynamic";
		};
		0FE281CE2D26C38900822211 /* RxCocoa */ = {
			isa = XCSwiftPackageProductDependency;
			package = 0FE281C92D26C38900822211 /* XCRemoteSwiftPackageReference "RxSwift" */;
			productName = RxCocoa;
		};
		0FE281D02D26C38900822211 /* RxCocoa-Dynamic */ = {
			isa = XCSwiftPackageProductDependency;
			package = 0FE281C92D26C38900822211 /* XCRemoteSwiftPackageReference "RxSwift" */;
			productName = "RxCocoa-Dynamic";
		};
		0FE281D22D26C38900822211 /* RxRelay */ = {
			isa = XCSwiftPackageProductDependency;
			package = 0FE281C92D26C38900822211 /* XCRemoteSwiftPackageReference "RxSwift" */;
			productName = RxRelay;
		};
		0FE281D42D26C38900822211 /* RxRelay-Dynamic */ = {
			isa = XCSwiftPackageProductDependency;
			package = 0FE281C92D26C38900822211 /* XCRemoteSwiftPackageReference "RxSwift" */;
			productName = "RxRelay-Dynamic";
		};
		0FE281D62D26C38900822211 /* RxSwift */ = {
			isa = XCSwiftPackageProductDependency;
			package = 0FE281C92D26C38900822211 /* XCRemoteSwiftPackageReference "RxSwift" */;
			productName = RxSwift;
		};
		0FE281D82D26C38900822211 /* RxSwift-Dynamic */ = {
			isa = XCSwiftPackageProductDependency;
			package = 0FE281C92D26C38900822211 /* XCRemoteSwiftPackageReference "RxSwift" */;
			productName = "RxSwift-Dynamic";
		};
		0FE281DA2D26C38900822211 /* RxTest */ = {
			isa = XCSwiftPackageProductDependency;
			package = 0FE281C92D26C38900822211 /* XCRemoteSwiftPackageReference "RxSwift" */;
			productName = RxTest;
		};
		0FE281DC2D26C38900822211 /* RxTest-Dynamic */ = {
			isa = XCSwiftPackageProductDependency;
			package = 0FE281C92D26C38900822211 /* XCRemoteSwiftPackageReference "RxSwift" */;
			productName = "RxTest-Dynamic";
		};
/* End XCSwiftPackageProductDependency section */
	};
	rootObject = 0F6391FD2D1C4733001EC0C0 /* Project object */;
}
